// !$*UTF8*$!
{
	archiveVersion = 1;
	classes = {
	};
	objectVersion = 46;
	objects = {

/* Begin PBXBuildFile section */
		1F2329751B25E1A600C37C7F /* MORelationship.swift in Sources */ = {isa = PBXBuildFile; fileRef = 1F2329741B25E1A600C37C7F /* MORelationship.swift */; };
		1FCDD0A21B24DD740091D584 /* AppDelegate.swift in Sources */ = {isa = PBXBuildFile; fileRef = 1FCDD0A11B24DD740091D584 /* AppDelegate.swift */; };
		1FCDD0A41B24DD740091D584 /* ViewController.swift in Sources */ = {isa = PBXBuildFile; fileRef = 1FCDD0A31B24DD740091D584 /* ViewController.swift */; };
		1FCDD0A61B24DD740091D584 /* Images.xcassets in Resources */ = {isa = PBXBuildFile; fileRef = 1FCDD0A51B24DD740091D584 /* Images.xcassets */; };
		1FCDD0A91B24DD740091D584 /* Main.storyboard in Resources */ = {isa = PBXBuildFile; fileRef = 1FCDD0A71B24DD740091D584 /* Main.storyboard */; };
		1FCDD0B51B24DD740091D584 /* SwiftGeneratorTests.swift in Sources */ = {isa = PBXBuildFile; fileRef = 1FCDD0B41B24DD740091D584 /* SwiftGeneratorTests.swift */; };
		1FCDD0C01B24E2E00091D584 /* Conversion.swift in Sources */ = {isa = PBXBuildFile; fileRef = 1FCDD0BF1B24E2E00091D584 /* Conversion.swift */; };
		1FCDD0C41B24F0E40091D584 /* NSURL+file-ops.swift in Sources */ = {isa = PBXBuildFile; fileRef = 1FCDD0C31B24F0E40091D584 /* NSURL+file-ops.swift */; };
		1FCDD0C61B24F8BB0091D584 /* ManagedObjectClass.swift in Sources */ = {isa = PBXBuildFile; fileRef = 1FCDD0C51B24F8BB0091D584 /* ManagedObjectClass.swift */; };
		1FCDD0C81B24F93E0091D584 /* MOAttribute.swift in Sources */ = {isa = PBXBuildFile; fileRef = 1FCDD0C71B24F93E0091D584 /* MOAttribute.swift */; };
		1FCDD0CA1B252D1E0091D584 /* MORelationship.swift in Sources */ = {isa = PBXBuildFile; fileRef = 1FCDD0C91B252D1E0091D584 /* MORelationship.swift */; };
/* End PBXBuildFile section */

/* Begin PBXContainerItemProxy section */
		1FCDD0AF1B24DD740091D584 /* PBXContainerItemProxy */ = {
			isa = PBXContainerItemProxy;
			containerPortal = 1FCDD0941B24DD740091D584 /* Project object */;
			proxyType = 1;
			remoteGlobalIDString = 1FCDD09B1B24DD740091D584;
			remoteInfo = SwiftGenerator;
		};
/* End PBXContainerItemProxy section */

/* Begin PBXFileReference section */
		1F2329741B25E1A600C37C7F /* MORelationship.swift */ = {isa = PBXFileReference; fileEncoding = 4; lastKnownFileType = sourcecode.swift; name = MORelationship.swift; path = Model/MORelationship.swift; sourceTree = "<group>"; };
		1FCDD09C1B24DD740091D584 /* SwiftGenerator.app */ = {isa = PBXFileReference; explicitFileType = wrapper.application; includeInIndex = 0; path = SwiftGenerator.app; sourceTree = BUILT_PRODUCTS_DIR; };
		1FCDD0A01B24DD740091D584 /* Info.plist */ = {isa = PBXFileReference; lastKnownFileType = text.plist.xml; path = Info.plist; sourceTree = "<group>"; };
		1FCDD0A11B24DD740091D584 /* AppDelegate.swift */ = {isa = PBXFileReference; lastKnownFileType = sourcecode.swift; path = AppDelegate.swift; sourceTree = "<group>"; };
		1FCDD0A31B24DD740091D584 /* ViewController.swift */ = {isa = PBXFileReference; lastKnownFileType = sourcecode.swift; path = ViewController.swift; sourceTree = "<group>"; };
		1FCDD0A51B24DD740091D584 /* Images.xcassets */ = {isa = PBXFileReference; lastKnownFileType = folder.assetcatalog; path = Images.xcassets; sourceTree = "<group>"; };
		1FCDD0A81B24DD740091D584 /* Base */ = {isa = PBXFileReference; lastKnownFileType = file.storyboard; name = Base; path = Base.lproj/Main.storyboard; sourceTree = "<group>"; };
		1FCDD0AE1B24DD740091D584 /* SwiftGeneratorTests.xctest */ = {isa = PBXFileReference; explicitFileType = wrapper.cfbundle; includeInIndex = 0; path = SwiftGeneratorTests.xctest; sourceTree = BUILT_PRODUCTS_DIR; };
		1FCDD0B31B24DD740091D584 /* Info.plist */ = {isa = PBXFileReference; lastKnownFileType = text.plist.xml; path = Info.plist; sourceTree = "<group>"; };
		1FCDD0B41B24DD740091D584 /* SwiftGeneratorTests.swift */ = {isa = PBXFileReference; lastKnownFileType = sourcecode.swift; path = SwiftGeneratorTests.swift; sourceTree = "<group>"; };
		1FCDD0BF1B24E2E00091D584 /* Conversion.swift */ = {isa = PBXFileReference; fileEncoding = 4; lastKnownFileType = sourcecode.swift; name = Conversion.swift; path = Model/Conversion.swift; sourceTree = "<group>"; };
		1FCDD0C31B24F0E40091D584 /* NSURL+file-ops.swift */ = {isa = PBXFileReference; fileEncoding = 4; lastKnownFileType = sourcecode.swift; path = "NSURL+file-ops.swift"; sourceTree = "<group>"; };
		1FCDD0C51B24F8BB0091D584 /* ManagedObjectClass.swift */ = {isa = PBXFileReference; fileEncoding = 4; lastKnownFileType = sourcecode.swift; name = ManagedObjectClass.swift; path = Model/ManagedObjectClass.swift; sourceTree = "<group>"; };
		1FCDD0C71B24F93E0091D584 /* MOAttribute.swift */ = {isa = PBXFileReference; fileEncoding = 4; lastKnownFileType = sourcecode.swift; name = MOAttribute.swift; path = Model/MOAttribute.swift; sourceTree = "<group>"; };
		1FCDD0C91B252D1E0091D584 /* MORelationship.swift */ = {isa = PBXFileReference; fileEncoding = 4; lastKnownFileType = sourcecode.swift; name = MORelationship.swift; path = Model/MORelationship.swift; sourceTree = "<group>"; };
/* End PBXFileReference section */

/* Begin PBXFrameworksBuildPhase section */
		1FCDD0991B24DD740091D584 /* Frameworks */ = {
			isa = PBXFrameworksBuildPhase;
			buildActionMask = 2147483647;
			files = (
			);
			runOnlyForDeploymentPostprocessing = 0;
		};
		1FCDD0AB1B24DD740091D584 /* Frameworks */ = {
			isa = PBXFrameworksBuildPhase;
			buildActionMask = 2147483647;
			files = (
			);
			runOnlyForDeploymentPostprocessing = 0;
		};
/* End PBXFrameworksBuildPhase section */

/* Begin PBXGroup section */
		1FCDD0931B24DD740091D584 = {
			isa = PBXGroup;
			children = (
				1FCDD09E1B24DD740091D584 /* SwiftGenerator */,
				1FCDD0B11B24DD740091D584 /* SwiftGeneratorTests */,
				1FCDD09D1B24DD740091D584 /* Products */,
			);
			sourceTree = "<group>";
		};
		1FCDD09D1B24DD740091D584 /* Products */ = {
			isa = PBXGroup;
			children = (
				1FCDD09C1B24DD740091D584 /* SwiftGenerator.app */,
				1FCDD0AE1B24DD740091D584 /* SwiftGeneratorTests.xctest */,
			);
			name = Products;
			sourceTree = "<group>";
		};
		1FCDD09E1B24DD740091D584 /* SwiftGenerator */ = {
			isa = PBXGroup;
			children = (
				1FCDD0BE1B24E2C30091D584 /* Model */,
				1FCDD0A11B24DD740091D584 /* AppDelegate.swift */,
				1FCDD0A31B24DD740091D584 /* ViewController.swift */,
				1FCDD0A51B24DD740091D584 /* Images.xcassets */,
				1FCDD0A71B24DD740091D584 /* Main.storyboard */,
				1FCDD09F1B24DD740091D584 /* Supporting Files */,
			);
			path = SwiftGenerator;
			sourceTree = "<group>";
		};
		1FCDD09F1B24DD740091D584 /* Supporting Files */ = {
			isa = PBXGroup;
			children = (
				1FCDD0A01B24DD740091D584 /* Info.plist */,
			);
			name = "Supporting Files";
			sourceTree = "<group>";
		};
		1FCDD0B11B24DD740091D584 /* SwiftGeneratorTests */ = {
			isa = PBXGroup;
			children = (
				1FCDD0B41B24DD740091D584 /* SwiftGeneratorTests.swift */,
				1FCDD0B21B24DD740091D584 /* Supporting Files */,
			);
			path = SwiftGeneratorTests;
			sourceTree = "<group>";
		};
		1FCDD0B21B24DD740091D584 /* Supporting Files */ = {
			isa = PBXGroup;
			children = (
				1FCDD0B31B24DD740091D584 /* Info.plist */,
			);
			name = "Supporting Files";
			sourceTree = "<group>";
		};
		1FCDD0BE1B24E2C30091D584 /* Model */ = {
			isa = PBXGroup;
			children = (
				1FCDD0BF1B24E2E00091D584 /* Conversion.swift */,
				1FCDD0C31B24F0E40091D584 /* NSURL+file-ops.swift */,
				1FCDD0C51B24F8BB0091D584 /* ManagedObjectClass.swift */,
				1FCDD0C71B24F93E0091D584 /* MOAttribute.swift */,
				1FCDD0C91B252D1E0091D584 /* MORelationship.swift */,
			);
			name = Model;
			sourceTree = "<group>";
		};
/* End PBXGroup section */

/* Begin PBXNativeTarget section */
		1FCDD09B1B24DD740091D584 /* SwiftGenerator */ = {
			isa = PBXNativeTarget;
			buildConfigurationList = 1FCDD0B81B24DD740091D584 /* Build configuration list for PBXNativeTarget "SwiftGenerator" */;
			buildPhases = (
				1FCDD0981B24DD740091D584 /* Sources */,
				1FCDD0991B24DD740091D584 /* Frameworks */,
				1FCDD09A1B24DD740091D584 /* Resources */,
			);
			buildRules = (
			);
			dependencies = (
			);
			name = SwiftGenerator;
			productName = SwiftGenerator;
			productReference = 1FCDD09C1B24DD740091D584 /* SwiftGenerator.app */;
			productType = "com.apple.product-type.application";
		};
		1FCDD0AD1B24DD740091D584 /* SwiftGeneratorTests */ = {
			isa = PBXNativeTarget;
			buildConfigurationList = 1FCDD0BB1B24DD740091D584 /* Build configuration list for PBXNativeTarget "SwiftGeneratorTests" */;
			buildPhases = (
				1FCDD0AA1B24DD740091D584 /* Sources */,
				1FCDD0AB1B24DD740091D584 /* Frameworks */,
				1FCDD0AC1B24DD740091D584 /* Resources */,
			);
			buildRules = (
			);
			dependencies = (
				1FCDD0B01B24DD740091D584 /* PBXTargetDependency */,
			);
			name = SwiftGeneratorTests;
			productName = SwiftGeneratorTests;
			productReference = 1FCDD0AE1B24DD740091D584 /* SwiftGeneratorTests.xctest */;
			productType = "com.apple.product-type.bundle.unit-test";
		};
/* End PBXNativeTarget section */

/* Begin PBXProject section */
		1FCDD0941B24DD740091D584 /* Project object */ = {
			isa = PBXProject;
			attributes = {
				LastUpgradeCheck = 0630;
				ORGANIZATIONNAME = "Fritz Anderson";
				TargetAttributes = {
					1FCDD09B1B24DD740091D584 = {
						CreatedOnToolsVersion = 6.3.2;
					};
					1FCDD0AD1B24DD740091D584 = {
						CreatedOnToolsVersion = 6.3.2;
						TestTargetID = 1FCDD09B1B24DD740091D584;
					};
				};
			};
			buildConfigurationList = 1FCDD0971B24DD740091D584 /* Build configuration list for PBXProject "SwiftGenerator" */;
			compatibilityVersion = "Xcode 3.2";
			developmentRegion = English;
			hasScannedForEncodings = 0;
			knownRegions = (
				en,
				Base,
			);
			mainGroup = 1FCDD0931B24DD740091D584;
			productRefGroup = 1FCDD09D1B24DD740091D584 /* Products */;
			projectDirPath = "";
			projectRoot = "";
			targets = (
				1FCDD09B1B24DD740091D584 /* SwiftGenerator */,
				1FCDD0AD1B24DD740091D584 /* SwiftGeneratorTests */,
			);
		};
/* End PBXProject section */

/* Begin PBXResourcesBuildPhase section */
		1FCDD09A1B24DD740091D584 /* Resources */ = {
			isa = PBXResourcesBuildPhase;
			buildActionMask = 2147483647;
			files = (
				1FCDD0A61B24DD740091D584 /* Images.xcassets in Resources */,
				1FCDD0A91B24DD740091D584 /* Main.storyboard in Resources */,
			);
			runOnlyForDeploymentPostprocessing = 0;
		};
		1FCDD0AC1B24DD740091D584 /* Resources */ = {
			isa = PBXResourcesBuildPhase;
			buildActionMask = 2147483647;
			files = (
			);
			runOnlyForDeploymentPostprocessing = 0;
		};
/* End PBXResourcesBuildPhase section */

/* Begin PBXSourcesBuildPhase section */
		1FCDD0981B24DD740091D584 /* Sources */ = {
			isa = PBXSourcesBuildPhase;
			buildActionMask = 2147483647;
			files = (
				1FCDD0C01B24E2E00091D584 /* Conversion.swift in Sources */,
				1FCDD0CA1B252D1E0091D584 /* MORelationship.swift in Sources */,
				1FCDD0C61B24F8BB0091D584 /* ManagedObjectClass.swift in Sources */,
				1FCDD0C81B24F93E0091D584 /* MOAttribute.swift in Sources */,
				1FCDD0C41B24F0E40091D584 /* NSURL+file-ops.swift in Sources */,
				1FCDD0A41B24DD740091D584 /* ViewController.swift in Sources */,
				1FCDD0A21B24DD740091D584 /* AppDelegate.swift in Sources */,
			);
			runOnlyForDeploymentPostprocessing = 0;
		};
		1FCDD0AA1B24DD740091D584 /* Sources */ = {
			isa = PBXSourcesBuildPhase;
			buildActionMask = 2147483647;
			files = (
				1FCDD0B51B24DD740091D584 /* SwiftGeneratorTests.swift in Sources */,
			);
			runOnlyForDeploymentPostprocessing = 0;
		};
/* End PBXSourcesBuildPhase section */

/* Begin PBXTargetDependency section */
		1FCDD0B01B24DD740091D584 /* PBXTargetDependency */ = {
			isa = PBXTargetDependency;
			target = 1FCDD09B1B24DD740091D584 /* SwiftGenerator */;
			targetProxy = 1FCDD0AF1B24DD740091D584 /* PBXContainerItemProxy */;
		};
/* End PBXTargetDependency section */

/* Begin PBXVariantGroup section */
		1FCDD0A71B24DD740091D584 /* Main.storyboard */ = {
			isa = PBXVariantGroup;
			children = (
				1FCDD0A81B24DD740091D584 /* Base */,
			);
			name = Main.storyboard;
			sourceTree = "<group>";
		};
/* End PBXVariantGroup section */

/* Begin XCBuildConfiguration section */
		1FCDD0B61B24DD740091D584 /* Debug */ = {
			isa = XCBuildConfiguration;
			buildSettings = {
				ALWAYS_SEARCH_USER_PATHS = NO;
				CLANG_CXX_LANGUAGE_STANDARD = "gnu++0x";
				CLANG_CXX_LIBRARY = "libc++";
				CLANG_ENABLE_MODULES = YES;
				CLANG_ENABLE_OBJC_ARC = YES;
				CLANG_WARN_BOOL_CONVERSION = YES;
				CLANG_WARN_CONSTANT_CONVERSION = YES;
				CLANG_WARN_DIRECT_OBJC_ISA_USAGE = YES_ERROR;
				CLANG_WARN_EMPTY_BODY = YES;
				CLANG_WARN_ENUM_CONVERSION = YES;
				CLANG_WARN_INT_CONVERSION = YES;
				CLANG_WARN_OBJC_ROOT_CLASS = YES_ERROR;
				CLANG_WARN_UNREACHABLE_CODE = YES;
				CLANG_WARN__DUPLICATE_METHOD_MATCH = YES;
				CODE_SIGN_IDENTITY = "-";
				COPY_PHASE_STRIP = NO;
				DEBUG_INFORMATION_FORMAT = dwarf;
				ENABLE_STRICT_OBJC_MSGSEND = YES;
				GCC_C_LANGUAGE_STANDARD = gnu99;
				GCC_DYNAMIC_NO_PIC = NO;
				GCC_NO_COMMON_BLOCKS = YES;
				GCC_OPTIMIZATION_LEVEL = 0;
				GCC_PREPROCESSOR_DEFINITIONS = (
					"DEBUG=1",
					"$(inherited)",
				);
				GCC_SYMBOLS_PRIVATE_EXTERN = NO;
				GCC_WARN_64_TO_32_BIT_CONVERSION = YES;
				GCC_WARN_ABOUT_RETURN_TYPE = YES_ERROR;
				GCC_WARN_UNDECLARED_SELECTOR = YES;
				GCC_WARN_UNINITIALIZED_AUTOS = YES_AGGRESSIVE;
				GCC_WARN_UNUSED_FUNCTION = YES;
				GCC_WARN_UNUSED_VARIABLE = YES;
				MACOSX_DEPLOYMENT_TARGET = 10.10;
				MTL_ENABLE_DEBUG_INFO = YES;
				ONLY_ACTIVE_ARCH = YES;
				SDKROOT = macosx;
				SWIFT_OPTIMIZATION_LEVEL = "-Onone";
			};
			name = Debug;
		};
		1FCDD0B71B24DD740091D584 /* Release */ = {
			isa = XCBuildConfiguration;
			buildSettings = {
				ALWAYS_SEARCH_USER_PATHS = NO;
				CLANG_CXX_LANGUAGE_STANDARD = "gnu++0x";
				CLANG_CXX_LIBRARY = "libc++";
				CLANG_ENABLE_MODULES = YES;
				CLANG_ENABLE_OBJC_ARC = YES;
				CLANG_WARN_BOOL_CONVERSION = YES;
				CLANG_WARN_CONSTANT_CONVERSION = YES;
				CLANG_WARN_DIRECT_OBJC_ISA_USAGE = YES_ERROR;
				CLANG_WARN_EMPTY_BODY = YES;
				CLANG_WARN_ENUM_CONVERSION = YES;
				CLANG_WARN_INT_CONVERSION = YES;
				CLANG_WARN_OBJC_ROOT_CLASS = YES_ERROR;
				CLANG_WARN_UNREACHABLE_CODE = YES;
				CLANG_WARN__DUPLICATE_METHOD_MATCH = YES;
				CODE_SIGN_IDENTITY = "-";
				COPY_PHASE_STRIP = NO;
				DEBUG_INFORMATION_FORMAT = "dwarf-with-dsym";
				ENABLE_NS_ASSERTIONS = NO;
				ENABLE_STRICT_OBJC_MSGSEND = YES;
				GCC_C_LANGUAGE_STANDARD = gnu99;
				GCC_NO_COMMON_BLOCKS = YES;
				GCC_WARN_64_TO_32_BIT_CONVERSION = YES;
				GCC_WARN_ABOUT_RETURN_TYPE = YES_ERROR;
				GCC_WARN_UNDECLARED_SELECTOR = YES;
				GCC_WARN_UNINITIALIZED_AUTOS = YES_AGGRESSIVE;
				GCC_WARN_UNUSED_FUNCTION = YES;
				GCC_WARN_UNUSED_VARIABLE = YES;
				MACOSX_DEPLOYMENT_TARGET = 10.10;
				MTL_ENABLE_DEBUG_INFO = NO;
				SDKROOT = macosx;
			};
			name = Release;
		};
		1FCDD0B91B24DD740091D584 /* Debug */ = {
			isa = XCBuildConfiguration;
			buildSettings = {
				ASSETCATALOG_COMPILER_APPICON_NAME = AppIcon;
				COMBINE_HIDPI_IMAGES = YES;
				INFOPLIST_FILE = SwiftGenerator/Info.plist;
				LD_RUNPATH_SEARCH_PATHS = "$(inherited) @executable_path/../Frameworks";
				PRODUCT_NAME = "$(TARGET_NAME)";
			};
			name = Debug;
		};
		1FCDD0BA1B24DD740091D584 /* Release */ = {
			isa = XCBuildConfiguration;
			buildSettings = {
				ASSETCATALOG_COMPILER_APPICON_NAME = AppIcon;
				COMBINE_HIDPI_IMAGES = YES;
				INFOPLIST_FILE = SwiftGenerator/Info.plist;
				LD_RUNPATH_SEARCH_PATHS = "$(inherited) @executable_path/../Frameworks";
				PRODUCT_NAME = "$(TARGET_NAME)";
			};
			name = Release;
		};
		1FCDD0BC1B24DD740091D584 /* Debug */ = {
			isa = XCBuildConfiguration;
			buildSettings = {
				BUNDLE_LOADER = "$(TEST_HOST)";
				COMBINE_HIDPI_IMAGES = YES;
				FRAMEWORK_SEARCH_PATHS = (
					"$(DEVELOPER_FRAMEWORKS_DIR)",
					"$(inherited)",
				);
				GCC_PREPROCESSOR_DEFINITIONS = (
					"DEBUG=1",
					"$(inherited)",
				);
				INFOPLIST_FILE = SwiftGeneratorTests/Info.plist;
				LD_RUNPATH_SEARCH_PATHS = "$(inherited) @executable_path/../Frameworks @loader_path/../Frameworks";
				PRODUCT_NAME = "$(TARGET_NAME)";
				TEST_HOST = "$(BUILT_PRODUCTS_DIR)/SwiftGenerator.app/Contents/MacOS/SwiftGenerator";
			};
			name = Debug;
		};
		1FCDD0BD1B24DD740091D584 /* Release */ = {
			isa = XCBuildConfiguration;
			buildSettings = {
				BUNDLE_LOADER = "$(TEST_HOST)";
				COMBINE_HIDPI_IMAGES = YES;
				FRAMEWORK_SEARCH_PATHS = (
					"$(DEVELOPER_FRAMEWORKS_DIR)",
					"$(inherited)",
				);
				INFOPLIST_FILE = SwiftGeneratorTests/Info.plist;
				LD_RUNPATH_SEARCH_PATHS = "$(inherited) @executable_path/../Frameworks @loader_path/../Frameworks";
				PRODUCT_NAME = "$(TARGET_NAME)";
				TEST_HOST = "$(BUILT_PRODUCTS_DIR)/SwiftGenerator.app/Contents/MacOS/SwiftGenerator";
			};
			name = Release;
		};
/* End XCBuildConfiguration section */

/* Begin XCConfigurationList section */
		1FCDD0971B24DD740091D584 /* Build configuration list for PBXProject "SwiftGenerator" */ = {
			isa = XCConfigurationList;
			buildConfigurations = (
				1FCDD0B61B24DD740091D584 /* Debug */,
				1FCDD0B71B24DD740091D584 /* Release */,
			);
			defaultConfigurationIsVisible = 0;
			defaultConfigurationName = Release;
		};
		1FCDD0B81B24DD740091D584 /* Build configuration list for PBXNativeTarget "SwiftGenerator" */ = {
			isa = XCConfigurationList;
			buildConfigurations = (
				1FCDD0B91B24DD740091D584 /* Debug */,
				1FCDD0BA1B24DD740091D584 /* Release */,
			);
			defaultConfigurationIsVisible = 0;
			defaultConfigurationName = Release;
		};
		1FCDD0BB1B24DD740091D584 /* Build configuration list for PBXNativeTarget "SwiftGeneratorTests" */ = {
			isa = XCConfigurationList;
			buildConfigurations = (
				1FCDD0BC1B24DD740091D584 /* Debug */,
				1FCDD0BD1B24DD740091D584 /* Release */,
			);
			defaultConfigurationIsVisible = 0;
			defaultConfigurationName = Release;
		};
/* End XCConfigurationList section */
	};
	rootObject = 1FCDD0941B24DD740091D584 /* Project object */;
}
